
Microsoft Visual Studio Solution File, Format Version 12.00
# Visual Studio Version 17
VisualStudioVersion = 17.0.32014.148
MinimumVisualStudioVersion = 10.0.40219.1
Project("{FAE04EC0-301F-11D3-BF4B-00C04F79EFBC}") = "WhiteLabel.Droid", "WhiteLabel.Droid\WhiteLabel.Droid.csproj", "{13BA34AE-3082-42A2-9F8B-1F2DC1DCA48F}"
EndProject
Project("{9A19103F-16F7-4668-BE54-9A1E7A4F7556}") = "WhiteLabel", "WhiteLabel\WhiteLabel.csproj", "{CDD035AB-E8E6-4822-8854-D5723E6F0A56}"
EndProject
Project("{9A19103F-16F7-4668-BE54-9A1E7A4F7556}") = "WhiteLabel.Core", "Core\WhiteLabel.Core.csproj", "{7FC7AD94-6445-410E-BC76-402785D3C70A}"
EndProject
Project("{FAE04EC0-301F-11D3-BF4B-00C04F79EFBC}") = "WhiteLabel.Core.Droid", "Core.Droid\WhiteLabel.Core.Droid.csproj", "{8D932186-4A2A-4EA2-8E1B-AA39DF3A7E61}"
EndProject
Project("{2150E333-8FDC-42A3-9474-1A3956D46DE8}") = "Infrastructure", "Infrastructure", "{214CBD7C-F456-4E15-91AD-EBA78A531B41}"
EndProject
Global
	GlobalSection(SolutionConfigurationPlatforms) = preSolution
		Ad-Hoc|Any CPU = Ad-Hoc|Any CPU
		Ad-Hoc|iPhone = Ad-Hoc|iPhone
		Ad-Hoc|iPhoneSimulator = Ad-Hoc|iPhoneSimulator
		Ad-Hoc|x64 = Ad-Hoc|x64
		Ad-Hoc|x86 = Ad-Hoc|x86
		AppStore|Any CPU = AppStore|Any CPU
		AppStore|iPhone = AppStore|iPhone
		AppStore|iPhoneSimulator = AppStore|iPhoneSimulator
		AppStore|x64 = AppStore|x64
		AppStore|x86 = AppStore|x86
		Debug_NotBlink|Any CPU = Debug_NotBlink|Any CPU
		Debug_NotBlink|iPhone = Debug_NotBlink|iPhone
		Debug_NotBlink|iPhoneSimulator = Debug_NotBlink|iPhoneSimulator
		Debug_NotBlink|x64 = Debug_NotBlink|x64
		Debug_NotBlink|x86 = Debug_NotBlink|x86
		Debug|Any CPU = Debug|Any CPU
		Debug|iPhone = Debug|iPhone
		Debug|iPhoneSimulator = Debug|iPhoneSimulator
		Debug|x64 = Debug|x64
		Debug|x86 = Debug|x86
		Release|Any CPU = Release|Any CPU
		Release|iPhone = Release|iPhone
		Release|iPhoneSimulator = Release|iPhoneSimulator
		Release|x64 = Release|x64
		Release|x86 = Release|x86
	EndGlobalSection
	GlobalSection(ProjectConfigurationPlatforms) = postSolution
		{13BA34AE-3082-42A2-9F8B-1F2DC1DCA48F}.Ad-Hoc|Any CPU.ActiveCfg = Release|Any CPU
		{13BA34AE-3082-42A2-9F8B-1F2DC1DCA48F}.Ad-Hoc|Any CPU.Build.0 = Release|Any CPU
		{13BA34AE-3082-42A2-9F8B-1F2DC1DCA48F}.Ad-Hoc|Any CPU.Deploy.0 = Release|Any CPU
		{13BA34AE-3082-42A2-9F8B-1F2DC1DCA48F}.Ad-Hoc|iPhone.ActiveCfg = Debug|Any CPU
		{13BA34AE-3082-42A2-9F8B-1F2DC1DCA48F}.Ad-Hoc|iPhone.Build.0 = Debug|Any CPU
		{13BA34AE-3082-42A2-9F8B-1F2DC1DCA48F}.Ad-Hoc|iPhoneSimulator.ActiveCfg = Debug|Any CPU
		{13BA34AE-3082-42A2-9F8B-1F2DC1DCA48F}.Ad-Hoc|iPhoneSimulator.Build.0 = Debug|Any CPU
		{13BA34AE-3082-42A2-9F8B-1F2DC1DCA48F}.Ad-Hoc|iPhoneSimulator.Deploy.0 = Debug|Any CPU
		{13BA34AE-3082-42A2-9F8B-1F2DC1DCA48F}.Ad-Hoc|x64.ActiveCfg = Release|x64
		{13BA34AE-3082-42A2-9F8B-1F2DC1DCA48F}.Ad-Hoc|x64.Build.0 = Release|x64
		{13BA34AE-3082-42A2-9F8B-1F2DC1DCA48F}.Ad-Hoc|x64.Deploy.0 = Release|x64
		{13BA34AE-3082-42A2-9F8B-1F2DC1DCA48F}.Ad-Hoc|x86.ActiveCfg = Release|Any CPU
		{13BA34AE-3082-42A2-9F8B-1F2DC1DCA48F}.Ad-Hoc|x86.Build.0 = Release|Any CPU
		{13BA34AE-3082-42A2-9F8B-1F2DC1DCA48F}.Ad-Hoc|x86.Deploy.0 = Release|Any CPU
		{13BA34AE-3082-42A2-9F8B-1F2DC1DCA48F}.AppStore|Any CPU.ActiveCfg = Release|Any CPU
		{13BA34AE-3082-42A2-9F8B-1F2DC1DCA48F}.AppStore|Any CPU.Build.0 = Release|Any CPU
		{13BA34AE-3082-42A2-9F8B-1F2DC1DCA48F}.AppStore|Any CPU.Deploy.0 = Release|Any CPU
		{13BA34AE-3082-42A2-9F8B-1F2DC1DCA48F}.AppStore|iPhone.ActiveCfg = Debug|Any CPU
		{13BA34AE-3082-42A2-9F8B-1F2DC1DCA48F}.AppStore|iPhone.Build.0 = Debug|Any CPU
		{13BA34AE-3082-42A2-9F8B-1F2DC1DCA48F}.AppStore|iPhoneSimulator.ActiveCfg = Debug|Any CPU
		{13BA34AE-3082-42A2-9F8B-1F2DC1DCA48F}.AppStore|iPhoneSimulator.Build.0 = Debug|Any CPU
		{13BA34AE-3082-42A2-9F8B-1F2DC1DCA48F}.AppStore|iPhoneSimulator.Deploy.0 = Debug|Any CPU
		{13BA34AE-3082-42A2-9F8B-1F2DC1DCA48F}.AppStore|x64.ActiveCfg = Release|x64
		{13BA34AE-3082-42A2-9F8B-1F2DC1DCA48F}.AppStore|x64.Build.0 = Release|x64
		{13BA34AE-3082-42A2-9F8B-1F2DC1DCA48F}.AppStore|x64.Deploy.0 = Release|x64
		{13BA34AE-3082-42A2-9F8B-1F2DC1DCA48F}.AppStore|x86.ActiveCfg = Release|Any CPU
		{13BA34AE-3082-42A2-9F8B-1F2DC1DCA48F}.AppStore|x86.Build.0 = Release|Any CPU
		{13BA34AE-3082-42A2-9F8B-1F2DC1DCA48F}.AppStore|x86.Deploy.0 = Release|Any CPU
		{13BA34AE-3082-42A2-9F8B-1F2DC1DCA48F}.Debug_NotBlink|Any CPU.ActiveCfg = Debug_NotBlink|Any CPU
		{13BA34AE-3082-42A2-9F8B-1F2DC1DCA48F}.Debug_NotBlink|Any CPU.Build.0 = Debug_NotBlink|Any CPU
		{13BA34AE-3082-42A2-9F8B-1F2DC1DCA48F}.Debug_NotBlink|Any CPU.Deploy.0 = Debug_NotBlink|Any CPU
		{13BA34AE-3082-42A2-9F8B-1F2DC1DCA48F}.Debug_NotBlink|iPhone.ActiveCfg = Debug_NotBlink|Any CPU
		{13BA34AE-3082-42A2-9F8B-1F2DC1DCA48F}.Debug_NotBlink|iPhone.Build.0 = Debug_NotBlink|Any CPU
		{13BA34AE-3082-42A2-9F8B-1F2DC1DCA48F}.Debug_NotBlink|iPhone.Deploy.0 = Debug_NotBlink|Any CPU
		{13BA34AE-3082-42A2-9F8B-1F2DC1DCA48F}.Debug_NotBlink|iPhoneSimulator.ActiveCfg = Debug_NotBlink|Any CPU
		{13BA34AE-3082-42A2-9F8B-1F2DC1DCA48F}.Debug_NotBlink|iPhoneSimulator.Build.0 = Debug_NotBlink|Any CPU
		{13BA34AE-3082-42A2-9F8B-1F2DC1DCA48F}.Debug_NotBlink|iPhoneSimulator.Deploy.0 = Debug_NotBlink|Any CPU
		{13BA34AE-3082-42A2-9F8B-1F2DC1DCA48F}.Debug_NotBlink|x64.ActiveCfg = Debug_NotBlink|x64
		{13BA34AE-3082-42A2-9F8B-1F2DC1DCA48F}.Debug_NotBlink|x64.Build.0 = Debug_NotBlink|x64
		{13BA34AE-3082-42A2-9F8B-1F2DC1DCA48F}.Debug_NotBlink|x64.Deploy.0 = Debug_NotBlink|x64
		{13BA34AE-3082-42A2-9F8B-1F2DC1DCA48F}.Debug_NotBlink|x86.ActiveCfg = Debug_NotBlink|x86
		{13BA34AE-3082-42A2-9F8B-1F2DC1DCA48F}.Debug_NotBlink|x86.Build.0 = Debug_NotBlink|x86
		{13BA34AE-3082-42A2-9F8B-1F2DC1DCA48F}.Debug_NotBlink|x86.Deploy.0 = Debug_NotBlink|x86
		{13BA34AE-3082-42A2-9F8B-1F2DC1DCA48F}.Debug|Any CPU.ActiveCfg = Debug|Any CPU
		{13BA34AE-3082-42A2-9F8B-1F2DC1DCA48F}.Debug|Any CPU.Build.0 = Debug|Any CPU
		{13BA34AE-3082-42A2-9F8B-1F2DC1DCA48F}.Debug|Any CPU.Deploy.0 = Debug|Any CPU
		{13BA34AE-3082-42A2-9F8B-1F2DC1DCA48F}.Debug|iPhone.ActiveCfg = Debug|Any CPU
		{13BA34AE-3082-42A2-9F8B-1F2DC1DCA48F}.Debug|iPhone.Build.0 = Debug|Any CPU
		{13BA34AE-3082-42A2-9F8B-1F2DC1DCA48F}.Debug|iPhoneSimulator.ActiveCfg = Debug|Any CPU
		{13BA34AE-3082-42A2-9F8B-1F2DC1DCA48F}.Debug|iPhoneSimulator.Build.0 = Debug|Any CPU
		{13BA34AE-3082-42A2-9F8B-1F2DC1DCA48F}.Debug|x64.ActiveCfg = Debug|x64
		{13BA34AE-3082-42A2-9F8B-1F2DC1DCA48F}.Debug|x64.Build.0 = Debug|x64
		{13BA34AE-3082-42A2-9F8B-1F2DC1DCA48F}.Debug|x64.Deploy.0 = Debug|x64
		{13BA34AE-3082-42A2-9F8B-1F2DC1DCA48F}.Debug|x86.ActiveCfg = Debug|x86
		{13BA34AE-3082-42A2-9F8B-1F2DC1DCA48F}.Debug|x86.Build.0 = Debug|x86
		{13BA34AE-3082-42A2-9F8B-1F2DC1DCA48F}.Debug|x86.Deploy.0 = Debug|x86
		{13BA34AE-3082-42A2-9F8B-1F2DC1DCA48F}.Release|Any CPU.ActiveCfg = Release|Any CPU
		{13BA34AE-3082-42A2-9F8B-1F2DC1DCA48F}.Release|Any CPU.Build.0 = Release|Any CPU
		{13BA34AE-3082-42A2-9F8B-1F2DC1DCA48F}.Release|Any CPU.Deploy.0 = Release|Any CPU
		{13BA34AE-3082-42A2-9F8B-1F2DC1DCA48F}.Release|iPhone.ActiveCfg = Release|Any CPU
		{13BA34AE-3082-42A2-9F8B-1F2DC1DCA48F}.Release|iPhone.Build.0 = Release|Any CPU
		{13BA34AE-3082-42A2-9F8B-1F2DC1DCA48F}.Release|iPhoneSimulator.ActiveCfg = Release|Any CPU
		{13BA34AE-3082-42A2-9F8B-1F2DC1DCA48F}.Release|iPhoneSimulator.Build.0 = Release|Any CPU
		{13BA34AE-3082-42A2-9F8B-1F2DC1DCA48F}.Release|x64.ActiveCfg = Release|x64
		{13BA34AE-3082-42A2-9F8B-1F2DC1DCA48F}.Release|x64.Build.0 = Release|x64
		{13BA34AE-3082-42A2-9F8B-1F2DC1DCA48F}.Release|x64.Deploy.0 = Release|x64
		{13BA34AE-3082-42A2-9F8B-1F2DC1DCA48F}.Release|x86.ActiveCfg = Release|Any CPU
		{13BA34AE-3082-42A2-9F8B-1F2DC1DCA48F}.Release|x86.Build.0 = Release|Any CPU
		{CDD035AB-E8E6-4822-8854-D5723E6F0A56}.Ad-Hoc|Any CPU.ActiveCfg = Release|Any CPU
		{CDD035AB-E8E6-4822-8854-D5723E6F0A56}.Ad-Hoc|Any CPU.Build.0 = Release|Any CPU
		{CDD035AB-E8E6-4822-8854-D5723E6F0A56}.Ad-Hoc|iPhone.ActiveCfg = Debug|Any CPU
		{CDD035AB-E8E6-4822-8854-D5723E6F0A56}.Ad-Hoc|iPhone.Build.0 = Debug|Any CPU
		{CDD035AB-E8E6-4822-8854-D5723E6F0A56}.Ad-Hoc|iPhoneSimulator.ActiveCfg = Release|Any CPU
		{CDD035AB-E8E6-4822-8854-D5723E6F0A56}.Ad-Hoc|iPhoneSimulator.Build.0 = Release|Any CPU
		{CDD035AB-E8E6-4822-8854-D5723E6F0A56}.Ad-Hoc|x64.ActiveCfg = Release|x64
		{CDD035AB-E8E6-4822-8854-D5723E6F0A56}.Ad-Hoc|x64.Build.0 = Release|x64
		{CDD035AB-E8E6-4822-8854-D5723E6F0A56}.Ad-Hoc|x86.ActiveCfg = Release|Any CPU
		{CDD035AB-E8E6-4822-8854-D5723E6F0A56}.Ad-Hoc|x86.Build.0 = Release|Any CPU
		{CDD035AB-E8E6-4822-8854-D5723E6F0A56}.AppStore|Any CPU.ActiveCfg = Release|Any CPU
		{CDD035AB-E8E6-4822-8854-D5723E6F0A56}.AppStore|Any CPU.Build.0 = Release|Any CPU
		{CDD035AB-E8E6-4822-8854-D5723E6F0A56}.AppStore|iPhone.ActiveCfg = Debug|Any CPU
		{CDD035AB-E8E6-4822-8854-D5723E6F0A56}.AppStore|iPhone.Build.0 = Debug|Any CPU
		{CDD035AB-E8E6-4822-8854-D5723E6F0A56}.AppStore|iPhoneSimulator.ActiveCfg = Release|Any CPU
		{CDD035AB-E8E6-4822-8854-D5723E6F0A56}.AppStore|iPhoneSimulator.Build.0 = Release|Any CPU
		{CDD035AB-E8E6-4822-8854-D5723E6F0A56}.AppStore|x64.ActiveCfg = Release|x64
		{CDD035AB-E8E6-4822-8854-D5723E6F0A56}.AppStore|x64.Build.0 = Release|x64
		{CDD035AB-E8E6-4822-8854-D5723E6F0A56}.AppStore|x86.ActiveCfg = Release|Any CPU
		{CDD035AB-E8E6-4822-8854-D5723E6F0A56}.AppStore|x86.Build.0 = Release|Any CPU
		{CDD035AB-E8E6-4822-8854-D5723E6F0A56}.Debug_NotBlink|Any CPU.ActiveCfg = Debug_NotBlink|Any CPU
		{CDD035AB-E8E6-4822-8854-D5723E6F0A56}.Debug_NotBlink|Any CPU.Build.0 = Debug_NotBlink|Any CPU
		{CDD035AB-E8E6-4822-8854-D5723E6F0A56}.Debug_NotBlink|iPhone.ActiveCfg = Debug_NotBlink|Any CPU
		{CDD035AB-E8E6-4822-8854-D5723E6F0A56}.Debug_NotBlink|iPhone.Build.0 = Debug_NotBlink|Any CPU
		{CDD035AB-E8E6-4822-8854-D5723E6F0A56}.Debug_NotBlink|iPhoneSimulator.ActiveCfg = Debug_NotBlink|Any CPU
		{CDD035AB-E8E6-4822-8854-D5723E6F0A56}.Debug_NotBlink|iPhoneSimulator.Build.0 = Debug_NotBlink|Any CPU
		{CDD035AB-E8E6-4822-8854-D5723E6F0A56}.Debug_NotBlink|x64.ActiveCfg = Debug_NotBlink|x64
		{CDD035AB-E8E6-4822-8854-D5723E6F0A56}.Debug_NotBlink|x64.Build.0 = Debug_NotBlink|x64
		{CDD035AB-E8E6-4822-8854-D5723E6F0A56}.Debug_NotBlink|x86.ActiveCfg = Debug_NotBlink|x86
		{CDD035AB-E8E6-4822-8854-D5723E6F0A56}.Debug_NotBlink|x86.Build.0 = Debug_NotBlink|x86
		{CDD035AB-E8E6-4822-8854-D5723E6F0A56}.Debug|Any CPU.ActiveCfg = Debug|Any CPU
		{CDD035AB-E8E6-4822-8854-D5723E6F0A56}.Debug|Any CPU.Build.0 = Debug|Any CPU
		{CDD035AB-E8E6-4822-8854-D5723E6F0A56}.Debug|iPhone.ActiveCfg = Debug|Any CPU
		{CDD035AB-E8E6-4822-8854-D5723E6F0A56}.Debug|iPhone.Build.0 = Debug|Any CPU
		{CDD035AB-E8E6-4822-8854-D5723E6F0A56}.Debug|iPhoneSimulator.ActiveCfg = Debug|Any CPU
		{CDD035AB-E8E6-4822-8854-D5723E6F0A56}.Debug|iPhoneSimulator.Build.0 = Debug|Any CPU
		{CDD035AB-E8E6-4822-8854-D5723E6F0A56}.Debug|x64.ActiveCfg = Debug|x64
		{CDD035AB-E8E6-4822-8854-D5723E6F0A56}.Debug|x64.Build.0 = Debug|x64
		{CDD035AB-E8E6-4822-8854-D5723E6F0A56}.Debug|x86.ActiveCfg = Debug|x86
		{CDD035AB-E8E6-4822-8854-D5723E6F0A56}.Debug|x86.Build.0 = Debug|x86
		{CDD035AB-E8E6-4822-8854-D5723E6F0A56}.Release|Any CPU.ActiveCfg = Release|Any CPU
		{CDD035AB-E8E6-4822-8854-D5723E6F0A56}.Release|Any CPU.Build.0 = Release|Any CPU
		{CDD035AB-E8E6-4822-8854-D5723E6F0A56}.Release|iPhone.ActiveCfg = Release|Any CPU
		{CDD035AB-E8E6-4822-8854-D5723E6F0A56}.Release|iPhone.Build.0 = Release|Any CPU
		{CDD035AB-E8E6-4822-8854-D5723E6F0A56}.Release|iPhoneSimulator.ActiveCfg = Release|Any CPU
		{CDD035AB-E8E6-4822-8854-D5723E6F0A56}.Release|iPhoneSimulator.Build.0 = Release|Any CPU
		{CDD035AB-E8E6-4822-8854-D5723E6F0A56}.Release|x64.ActiveCfg = Release|x64
		{CDD035AB-E8E6-4822-8854-D5723E6F0A56}.Release|x64.Build.0 = Release|x64
		{CDD035AB-E8E6-4822-8854-D5723E6F0A56}.Release|x86.ActiveCfg = Release|Any CPU
		{CDD035AB-E8E6-4822-8854-D5723E6F0A56}.Release|x86.Build.0 = Release|Any CPU
		{7FC7AD94-6445-410E-BC76-402785D3C70A}.Ad-Hoc|Any CPU.ActiveCfg = Debug|Any CPU
		{7FC7AD94-6445-410E-BC76-402785D3C70A}.Ad-Hoc|Any CPU.Build.0 = Debug|Any CPU
		{7FC7AD94-6445-410E-BC76-402785D3C70A}.Ad-Hoc|iPhone.ActiveCfg = Debug|Any CPU
		{7FC7AD94-6445-410E-BC76-402785D3C70A}.Ad-Hoc|iPhone.Build.0 = Debug|Any CPU
		{7FC7AD94-6445-410E-BC76-402785D3C70A}.Ad-Hoc|iPhoneSimulator.ActiveCfg = Debug|Any CPU
		{7FC7AD94-6445-410E-BC76-402785D3C70A}.Ad-Hoc|iPhoneSimulator.Build.0 = Debug|Any CPU
		{7FC7AD94-6445-410E-BC76-402785D3C70A}.Ad-Hoc|x64.ActiveCfg = Release|x64
		{7FC7AD94-6445-410E-BC76-402785D3C70A}.Ad-Hoc|x64.Build.0 = Release|x64
		{7FC7AD94-6445-410E-BC76-402785D3C70A}.Ad-Hoc|x86.ActiveCfg = Debug|Any CPU
		{7FC7AD94-6445-410E-BC76-402785D3C70A}.Ad-Hoc|x86.Build.0 = Debug|Any CPU
		{7FC7AD94-6445-410E-BC76-402785D3C70A}.AppStore|Any CPU.ActiveCfg = Debug|Any CPU
		{7FC7AD94-6445-410E-BC76-402785D3C70A}.AppStore|Any CPU.Build.0 = Debug|Any CPU
		{7FC7AD94-6445-410E-BC76-402785D3C70A}.AppStore|iPhone.ActiveCfg = Debug|Any CPU
		{7FC7AD94-6445-410E-BC76-402785D3C70A}.AppStore|iPhone.Build.0 = Debug|Any CPU
		{7FC7AD94-6445-410E-BC76-402785D3C70A}.AppStore|iPhoneSimulator.ActiveCfg = Debug|Any CPU
		{7FC7AD94-6445-410E-BC76-402785D3C70A}.AppStore|iPhoneSimulator.Build.0 = Debug|Any CPU
		{7FC7AD94-6445-410E-BC76-402785D3C70A}.AppStore|x64.ActiveCfg = Release|x64
		{7FC7AD94-6445-410E-BC76-402785D3C70A}.AppStore|x64.Build.0 = Release|x64
		{7FC7AD94-6445-410E-BC76-402785D3C70A}.AppStore|x86.ActiveCfg = Debug|Any CPU
		{7FC7AD94-6445-410E-BC76-402785D3C70A}.AppStore|x86.Build.0 = Debug|Any CPU
		{7FC7AD94-6445-410E-BC76-402785D3C70A}.Debug_NotBlink|Any CPU.ActiveCfg = Debug_NotBlink|Any CPU
		{7FC7AD94-6445-410E-BC76-402785D3C70A}.Debug_NotBlink|Any CPU.Build.0 = Debug_NotBlink|Any CPU
		{7FC7AD94-6445-410E-BC76-402785D3C70A}.Debug_NotBlink|iPhone.ActiveCfg = Debug_NotBlink|Any CPU
		{7FC7AD94-6445-410E-BC76-402785D3C70A}.Debug_NotBlink|iPhone.Build.0 = Debug_NotBlink|Any CPU
		{7FC7AD94-6445-410E-BC76-402785D3C70A}.Debug_NotBlink|iPhoneSimulator.ActiveCfg = Debug_NotBlink|Any CPU
		{7FC7AD94-6445-410E-BC76-402785D3C70A}.Debug_NotBlink|iPhoneSimulator.Build.0 = Debug_NotBlink|Any CPU
		{7FC7AD94-6445-410E-BC76-402785D3C70A}.Debug_NotBlink|x64.ActiveCfg = Debug_NotBlink|x64
		{7FC7AD94-6445-410E-BC76-402785D3C70A}.Debug_NotBlink|x64.Build.0 = Debug_NotBlink|x64
		{7FC7AD94-6445-410E-BC76-402785D3C70A}.Debug_NotBlink|x86.ActiveCfg = Debug_NotBlink|x86
		{7FC7AD94-6445-410E-BC76-402785D3C70A}.Debug_NotBlink|x86.Build.0 = Debug_NotBlink|x86
		{7FC7AD94-6445-410E-BC76-402785D3C70A}.Debug|Any CPU.ActiveCfg = Debug|Any CPU
		{7FC7AD94-6445-410E-BC76-402785D3C70A}.Debug|Any CPU.Build.0 = Debug|Any CPU
		{7FC7AD94-6445-410E-BC76-402785D3C70A}.Debug|iPhone.ActiveCfg = Debug|Any CPU
		{7FC7AD94-6445-410E-BC76-402785D3C70A}.Debug|iPhone.Build.0 = Debug|Any CPU
		{7FC7AD94-6445-410E-BC76-402785D3C70A}.Debug|iPhoneSimulator.ActiveCfg = Debug|Any CPU
		{7FC7AD94-6445-410E-BC76-402785D3C70A}.Debug|iPhoneSimulator.Build.0 = Debug|Any CPU
		{7FC7AD94-6445-410E-BC76-402785D3C70A}.Debug|x64.ActiveCfg = Debug|x64
		{7FC7AD94-6445-410E-BC76-402785D3C70A}.Debug|x64.Build.0 = Debug|x64
		{7FC7AD94-6445-410E-BC76-402785D3C70A}.Debug|x86.ActiveCfg = Debug|x86
		{7FC7AD94-6445-410E-BC76-402785D3C70A}.Debug|x86.Build.0 = Debug|x86
		{7FC7AD94-6445-410E-BC76-402785D3C70A}.Release|Any CPU.ActiveCfg = Release|Any CPU
		{7FC7AD94-6445-410E-BC76-402785D3C70A}.Release|Any CPU.Build.0 = Release|Any CPU
		{7FC7AD94-6445-410E-BC76-402785D3C70A}.Release|iPhone.ActiveCfg = Release|Any CPU
		{7FC7AD94-6445-410E-BC76-402785D3C70A}.Release|iPhone.Build.0 = Release|Any CPU
		{7FC7AD94-6445-410E-BC76-402785D3C70A}.Release|iPhoneSimulator.ActiveCfg = Release|Any CPU
		{7FC7AD94-6445-410E-BC76-402785D3C70A}.Release|iPhoneSimulator.Build.0 = Release|Any CPU
		{7FC7AD94-6445-410E-BC76-402785D3C70A}.Release|x64.ActiveCfg = Release|x64
		{7FC7AD94-6445-410E-BC76-402785D3C70A}.Release|x64.Build.0 = Release|x64
		{7FC7AD94-6445-410E-BC76-402785D3C70A}.Release|x86.ActiveCfg = Release|Any CPU
		{7FC7AD94-6445-410E-BC76-402785D3C70A}.Release|x86.Build.0 = Release|Any CPU
		{8D932186-4A2A-4EA2-8E1B-AA39DF3A7E61}.Ad-Hoc|Any CPU.ActiveCfg = Release|Any CPU
		{8D932186-4A2A-4EA2-8E1B-AA39DF3A7E61}.Ad-Hoc|Any CPU.Build.0 = Release|Any CPU
		{8D932186-4A2A-4EA2-8E1B-AA39DF3A7E61}.Ad-Hoc|iPhone.ActiveCfg = Release|Any CPU
		{8D932186-4A2A-4EA2-8E1B-AA39DF3A7E61}.Ad-Hoc|iPhone.Build.0 = Release|Any CPU
		{8D932186-4A2A-4EA2-8E1B-AA39DF3A7E61}.Ad-Hoc|iPhoneSimulator.ActiveCfg = Release|Any CPU
		{8D932186-4A2A-4EA2-8E1B-AA39DF3A7E61}.Ad-Hoc|iPhoneSimulator.Build.0 = Release|Any CPU
		{8D932186-4A2A-4EA2-8E1B-AA39DF3A7E61}.Ad-Hoc|x64.ActiveCfg = Release|x64
		{8D932186-4A2A-4EA2-8E1B-AA39DF3A7E61}.Ad-Hoc|x64.Build.0 = Release|x64
		{8D932186-4A2A-4EA2-8E1B-AA39DF3A7E61}.Ad-Hoc|x86.ActiveCfg = Release|Any CPU
		{8D932186-4A2A-4EA2-8E1B-AA39DF3A7E61}.Ad-Hoc|x86.Build.0 = Release|Any CPU
		{8D932186-4A2A-4EA2-8E1B-AA39DF3A7E61}.AppStore|Any CPU.ActiveCfg = Release|Any CPU
		{8D932186-4A2A-4EA2-8E1B-AA39DF3A7E61}.AppStore|Any CPU.Build.0 = Release|Any CPU
		{8D932186-4A2A-4EA2-8E1B-AA39DF3A7E61}.AppStore|iPhone.ActiveCfg = Release|Any CPU
		{8D932186-4A2A-4EA2-8E1B-AA39DF3A7E61}.AppStore|iPhone.Build.0 = Release|Any CPU
		{8D932186-4A2A-4EA2-8E1B-AA39DF3A7E61}.AppStore|iPhoneSimulator.ActiveCfg = Release|Any CPU
		{8D932186-4A2A-4EA2-8E1B-AA39DF3A7E61}.AppStore|iPhoneSimulator.Build.0 = Release|Any CPU
		{8D932186-4A2A-4EA2-8E1B-AA39DF3A7E61}.AppStore|x64.ActiveCfg = Release|x64
		{8D932186-4A2A-4EA2-8E1B-AA39DF3A7E61}.AppStore|x64.Build.0 = Release|x64
		{8D932186-4A2A-4EA2-8E1B-AA39DF3A7E61}.AppStore|x86.ActiveCfg = Release|Any CPU
		{8D932186-4A2A-4EA2-8E1B-AA39DF3A7E61}.AppStore|x86.Build.0 = Release|Any CPU
		{8D932186-4A2A-4EA2-8E1B-AA39DF3A7E61}.Debug_NotBlink|Any CPU.ActiveCfg = Debug_NotBlink|Any CPU
		{8D932186-4A2A-4EA2-8E1B-AA39DF3A7E61}.Debug_NotBlink|Any CPU.Build.0 = Debug_NotBlink|Any CPU
		{8D932186-4A2A-4EA2-8E1B-AA39DF3A7E61}.Debug_NotBlink|iPhone.ActiveCfg = Debug_NotBlink|Any CPU
		{8D932186-4A2A-4EA2-8E1B-AA39DF3A7E61}.Debug_NotBlink|iPhone.Build.0 = Debug_NotBlink|Any CPU
		{8D932186-4A2A-4EA2-8E1B-AA39DF3A7E61}.Debug_NotBlink|iPhoneSimulator.ActiveCfg = Debug_NotBlink|Any CPU
		{8D932186-4A2A-4EA2-8E1B-AA39DF3A7E61}.Debug_NotBlink|iPhoneSimulator.Build.0 = Debug_NotBlink|Any CPU
		{8D932186-4A2A-4EA2-8E1B-AA39DF3A7E61}.Debug_NotBlink|x64.ActiveCfg = Debug_NotBlink|x64
		{8D932186-4A2A-4EA2-8E1B-AA39DF3A7E61}.Debug_NotBlink|x64.Build.0 = Debug_NotBlink|x64
		{8D932186-4A2A-4EA2-8E1B-AA39DF3A7E61}.Debug_NotBlink|x86.ActiveCfg = Debug_NotBlink|x86
		{8D932186-4A2A-4EA2-8E1B-AA39DF3A7E61}.Debug_NotBlink|x86.Build.0 = Debug_NotBlink|x86
		{8D932186-4A2A-4EA2-8E1B-AA39DF3A7E61}.Debug|Any CPU.ActiveCfg = Debug|Any CPU
		{8D932186-4A2A-4EA2-8E1B-AA39DF3A7E61}.Debug|Any CPU.Build.0 = Debug|Any CPU
		{8D932186-4A2A-4EA2-8E1B-AA39DF3A7E61}.Debug|iPhone.ActiveCfg = Debug|Any CPU
		{8D932186-4A2A-4EA2-8E1B-AA39DF3A7E61}.Debug|iPhone.Build.0 = Debug|Any CPU
		{8D932186-4A2A-4EA2-8E1B-AA39DF3A7E61}.Debug|iPhoneSimulator.ActiveCfg = Debug|Any CPU
		{8D932186-4A2A-4EA2-8E1B-AA39DF3A7E61}.Debug|iPhoneSimulator.Build.0 = Debug|Any CPU
		{8D932186-4A2A-4EA2-8E1B-AA39DF3A7E61}.Debug|x64.ActiveCfg = Debug|x64
		{8D932186-4A2A-4EA2-8E1B-AA39DF3A7E61}.Debug|x64.Build.0 = Debug|x64
		{8D932186-4A2A-4EA2-8E1B-AA39DF3A7E61}.Debug|x86.ActiveCfg = Debug|x86
		{8D932186-4A2A-4EA2-8E1B-AA39DF3A7E61}.Debug|x86.Build.0 = Debug|x86
		{8D932186-4A2A-4EA2-8E1B-AA39DF3A7E61}.Release|Any CPU.ActiveCfg = Release|Any CPU
		{8D932186-4A2A-4EA2-8E1B-AA39DF3A7E61}.Release|Any CPU.Build.0 = Release|Any CPU
		{8D932186-4A2A-4EA2-8E1B-AA39DF3A7E61}.Release|iPhone.ActiveCfg = Release|Any CPU
		{8D932186-4A2A-4EA2-8E1B-AA39DF3A7E61}.Release|iPhone.Build.0 = Release|Any CPU
		{8D932186-4A2A-4EA2-8E1B-AA39DF3A7E61}.Release|iPhoneSimulator.ActiveCfg = Release|Any CPU
		{8D932186-4A2A-4EA2-8E1B-AA39DF3A7E61}.Release|iPhoneSimulator.Build.0 = Release|Any CPU
		{8D932186-4A2A-4EA2-8E1B-AA39DF3A7E61}.Release|x64.ActiveCfg = Release|x64
		{8D932186-4A2A-4EA2-8E1B-AA39DF3A7E61}.Release|x64.Build.0 = Release|x64
		{8D932186-4A2A-4EA2-8E1B-AA39DF3A7E61}.Release|x86.ActiveCfg = Release|Any CPU
		{8D932186-4A2A-4EA2-8E1B-AA39DF3A7E61}.Release|x86.Build.0 = Release|Any CPU
	EndGlobalSection
	GlobalSection(SolutionProperties) = preSolution
		HideSolutionNode = FALSE
	EndGlobalSection
	GlobalSection(NestedProjects) = preSolution
		{7FC7AD94-6445-410E-BC76-402785D3C70A} = {214CBD7C-F456-4E15-91AD-EBA78A531B41}
		{8D932186-4A2A-4EA2-8E1B-AA39DF3A7E61} = {214CBD7C-F456-4E15-91AD-EBA78A531B41}
	EndGlobalSection
	GlobalSection(ExtensibilityGlobals) = postSolution
		SolutionGuid = {AFE0CE2B-062D-441D-8A1E-810EBAF7B38F}
	EndGlobalSection
EndGlobal
